
Microsoft Visual Studio Solution File, Format Version 12.00
Project("{2150E333-8FDC-42A3-9474-1A3956D46DE8}") = "src", "src", "{7E32CD4B-B68E-4646-A3D9-EA81119300F9}"
EndProject
Project("{2150E333-8FDC-42A3-9474-1A3956D46DE8}") = "Tests", "Tests", "{52E8F61E-E37D-4F60-A287-2772730D214E}"
EndProject
Project("{FAE04EC0-301F-11D3-BF4B-00C04F79EFBC}") = "Domain", "src\Domain\Domain.csproj", "{528558F5-8074-4903-8CE9-60EEACD174DD}"
EndProject
Project("{FAE04EC0-301F-11D3-BF4B-00C04F79EFBC}") = "Application", "src\Application\Application.csproj", "{3C6A3A06-FBD6-4C1E-9D83-03B86CEE48A0}"
EndProject
Project("{FAE04EC0-301F-11D3-BF4B-00C04F79EFBC}") = "Infrastructure", "src\Infrastructure\Infrastructure.csproj", "{8140AFF4-5E58-4287-B133-B21C55080844}"
EndProject
Project("{FAE04EC0-301F-11D3-BF4B-00C04F79EFBC}") = "Contracts", "src\Contracts\Contracts.csproj", "{47D73CA0-1502-4EEF-87AD-DFC3C882AF4F}"
EndProject
Project("{FAE04EC0-301F-11D3-BF4B-00C04F79EFBC}") = "Presentation", "src\Presentation\Presentation.csproj", "{B6051BB0-3952-4052-9DCA-B53FF048DE22}"
EndProject
Project("{FAE04EC0-301F-11D3-BF4B-00C04F79EFBC}") = "Application.Tests", "Tests\Application.Tests\Application.Tests.csproj", "{A26B5963-FE3B-426B-BDC6-FCB161BCB93B}"
EndProject
Project("{FAE04EC0-301F-11D3-BF4B-00C04F79EFBC}") = "Contracts.Tests", "Tests\Contracts.Tests\Contracts.Tests.csproj", "{37BABE48-C213-4206-BF4E-C1B750FB0BB3}"
EndProject
Project("{FAE04EC0-301F-11D3-BF4B-00C04F79EFBC}") = "Domain.Tests", "Tests\Domain.Tests\Domain.Tests.csproj", "{1ABD3EF5-E53F-4C83-94E2-B90C3DDEEA28}"
EndProject
Project("{FAE04EC0-301F-11D3-BF4B-00C04F79EFBC}") = "Infrastructure.Tests", "Tests\Infrastructure.Tests\Infrastructure.Tests.csproj", "{C9B3B7BF-A25C-441F-9F83-24F782274279}"
EndProject
Project("{FAE04EC0-301F-11D3-BF4B-00C04F79EFBC}") = "Presentation.Tests", "Tests\Presentation.Tests\Presentation.Tests.csproj", "{504825C3-DE6C-4327-BC8B-DCC60E98D27D}"
EndProject
Project("{FAE04EC0-301F-11D3-BF4B-00C04F79EFBC}") = "TestHelper", "Tests\TestHelper\TestHelper.csproj", "{1F57CD47-8FB7-422A-A5A1-D3C5F795AE8A}"
EndProject
Global
	GlobalSection(SolutionConfigurationPlatforms) = preSolution
		Debug|Any CPU = Debug|Any CPU
		Release|Any CPU = Release|Any CPU
	EndGlobalSection
	GlobalSection(NestedProjects) = preSolution
		{528558F5-8074-4903-8CE9-60EEACD174DD} = {7E32CD4B-B68E-4646-A3D9-EA81119300F9}
		{3C6A3A06-FBD6-4C1E-9D83-03B86CEE48A0} = {7E32CD4B-B68E-4646-A3D9-EA81119300F9}
		{8140AFF4-5E58-4287-B133-B21C55080844} = {7E32CD4B-B68E-4646-A3D9-EA81119300F9}
		{47D73CA0-1502-4EEF-87AD-DFC3C882AF4F} = {7E32CD4B-B68E-4646-A3D9-EA81119300F9}
		{B6051BB0-3952-4052-9DCA-B53FF048DE22} = {7E32CD4B-B68E-4646-A3D9-EA81119300F9}
		{A26B5963-FE3B-426B-BDC6-FCB161BCB93B} = {52E8F61E-E37D-4F60-A287-2772730D214E}
		{37BABE48-C213-4206-BF4E-C1B750FB0BB3} = {52E8F61E-E37D-4F60-A287-2772730D214E}
		{1ABD3EF5-E53F-4C83-94E2-B90C3DDEEA28} = {52E8F61E-E37D-4F60-A287-2772730D214E}
		{C9B3B7BF-A25C-441F-9F83-24F782274279} = {52E8F61E-E37D-4F60-A287-2772730D214E}
		{504825C3-DE6C-4327-BC8B-DCC60E98D27D} = {52E8F61E-E37D-4F60-A287-2772730D214E}
		{1F57CD47-8FB7-422A-A5A1-D3C5F795AE8A} = {52E8F61E-E37D-4F60-A287-2772730D214E}
	EndGlobalSection
	GlobalSection(ProjectConfigurationPlatforms) = postSolution
		{528558F5-8074-4903-8CE9-60EEACD174DD}.Debug|Any CPU.ActiveCfg = Debug|Any CPU
		{528558F5-8074-4903-8CE9-60EEACD174DD}.Debug|Any CPU.Build.0 = Debug|Any CPU
		{528558F5-8074-4903-8CE9-60EEACD174DD}.Release|Any CPU.ActiveCfg = Release|Any CPU
		{528558F5-8074-4903-8CE9-60EEACD174DD}.Release|Any CPU.Build.0 = Release|Any CPU
		{3C6A3A06-FBD6-4C1E-9D83-03B86CEE48A0}.Debug|Any CPU.ActiveCfg = Debug|Any CPU
		{3C6A3A06-FBD6-4C1E-9D83-03B86CEE48A0}.Debug|Any CPU.Build.0 = Debug|Any CPU
		{3C6A3A06-FBD6-4C1E-9D83-03B86CEE48A0}.Release|Any CPU.ActiveCfg = Release|Any CPU
		{3C6A3A06-FBD6-4C1E-9D83-03B86CEE48A0}.Release|Any CPU.Build.0 = Release|Any CPU
		{8140AFF4-5E58-4287-B133-B21C55080844}.Debug|Any CPU.ActiveCfg = Debug|Any CPU
		{8140AFF4-5E58-4287-B133-B21C55080844}.Debug|Any CPU.Build.0 = Debug|Any CPU
		{8140AFF4-5E58-4287-B133-B21C55080844}.Release|Any CPU.ActiveCfg = Release|Any CPU
		{8140AFF4-5E58-4287-B133-B21C55080844}.Release|Any CPU.Build.0 = Release|Any CPU
		{47D73CA0-1502-4EEF-87AD-DFC3C882AF4F}.Debug|Any CPU.ActiveCfg = Debug|Any CPU
		{47D73CA0-1502-4EEF-87AD-DFC3C882AF4F}.Debug|Any CPU.Build.0 = Debug|Any CPU
		{47D73CA0-1502-4EEF-87AD-DFC3C882AF4F}.Release|Any CPU.ActiveCfg = Release|Any CPU
		{47D73CA0-1502-4EEF-87AD-DFC3C882AF4F}.Release|Any CPU.Build.0 = Release|Any CPU
		{B6051BB0-3952-4052-9DCA-B53FF048DE22}.Debug|Any CPU.ActiveCfg = Debug|Any CPU
		{B6051BB0-3952-4052-9DCA-B53FF048DE22}.Debug|Any CPU.Build.0 = Debug|Any CPU
		{B6051BB0-3952-4052-9DCA-B53FF048DE22}.Release|Any CPU.ActiveCfg = Release|Any CPU
		{B6051BB0-3952-4052-9DCA-B53FF048DE22}.Release|Any CPU.Build.0 = Release|Any CPU
		{A26B5963-FE3B-426B-BDC6-FCB161BCB93B}.Debug|Any CPU.ActiveCfg = Debug|Any CPU
		{A26B5963-FE3B-426B-BDC6-FCB161BCB93B}.Debug|Any CPU.Build.0 = Debug|Any CPU
		{A26B5963-FE3B-426B-BDC6-FCB161BCB93B}.Release|Any CPU.ActiveCfg = Release|Any CPU
		{A26B5963-FE3B-426B-BDC6-FCB161BCB93B}.Release|Any CPU.Build.0 = Release|Any CPU
		{37BABE48-C213-4206-BF4E-C1B750FB0BB3}.Debug|Any CPU.ActiveCfg = Debug|Any CPU
		{37BABE48-C213-4206-BF4E-C1B750FB0BB3}.Debug|Any CPU.Build.0 = Debug|Any CPU
		{37BABE48-C213-4206-BF4E-C1B750FB0BB3}.Release|Any CPU.ActiveCfg = Release|Any CPU
		{37BABE48-C213-4206-BF4E-C1B750FB0BB3}.Release|Any CPU.Build.0 = Release|Any CPU
		{1ABD3EF5-E53F-4C83-94E2-B90C3DDEEA28}.Debug|Any CPU.ActiveCfg = Debug|Any CPU
		{1ABD3EF5-E53F-4C83-94E2-B90C3DDEEA28}.Debug|Any CPU.Build.0 = Debug|Any CPU
		{1ABD3EF5-E53F-4C83-94E2-B90C3DDEEA28}.Release|Any CPU.ActiveCfg = Release|Any CPU
		{1ABD3EF5-E53F-4C83-94E2-B90C3DDEEA28}.Release|Any CPU.Build.0 = Release|Any CPU
		{C9B3B7BF-A25C-441F-9F83-24F782274279}.Debug|Any CPU.ActiveCfg = Debug|Any CPU
		{C9B3B7BF-A25C-441F-9F83-24F782274279}.Debug|Any CPU.Build.0 = Debug|Any CPU
		{C9B3B7BF-A25C-441F-9F83-24F782274279}.Release|Any CPU.ActiveCfg = Release|Any CPU
		{C9B3B7BF-A25C-441F-9F83-24F782274279}.Release|Any CPU.Build.0 = Release|Any CPU
		{504825C3-DE6C-4327-BC8B-DCC60E98D27D}.Debug|Any CPU.ActiveCfg = Debug|Any CPU
		{504825C3-DE6C-4327-BC8B-DCC60E98D27D}.Debug|Any CPU.Build.0 = Debug|Any CPU
		{504825C3-DE6C-4327-BC8B-DCC60E98D27D}.Release|Any CPU.ActiveCfg = Release|Any CPU
		{504825C3-DE6C-4327-BC8B-DCC60E98D27D}.Release|Any CPU.Build.0 = Release|Any CPU
		{1F57CD47-8FB7-422A-A5A1-D3C5F795AE8A}.Debug|Any CPU.ActiveCfg = Debug|Any CPU
		{1F57CD47-8FB7-422A-A5A1-D3C5F795AE8A}.Debug|Any CPU.Build.0 = Debug|Any CPU
		{1F57CD47-8FB7-422A-A5A1-D3C5F795AE8A}.Release|Any CPU.ActiveCfg = Release|Any CPU
		{1F57CD47-8FB7-422A-A5A1-D3C5F795AE8A}.Release|Any CPU.Build.0 = Release|Any CPU
	EndGlobalSection
EndGlobal
